
Microsoft Visual Studio Solution File, Format Version 12.00
# Visual Studio Version 16
VisualStudioVersion = 16.0.36227.6
MinimumVisualStudioVersion = 10.0.40219.1
Project("{9A19103F-16F7-4668-BE54-9A1E7A4F7556}") = "PhysicsFlat", "PhysicsFlat\PhysicsFlat.csproj", "{B836DC57-2C30-4CAB-9582-07669C978682}"
EndProject
Project("{9A19103F-16F7-4668-BE54-9A1E7A4F7556}") = "Flat", "Flat-main\Flat.csproj", "{B6AAAC37-0E92-4E75-9D2E-E3674792B6A7}"
EndProject
Global
	GlobalSection(SolutionConfigurationPlatforms) = preSolution
		Debug|Any CPU = Debug|Any CPU
		Debug|x64 = Debug|x64
		Release|Any CPU = Release|Any CPU
		Release|x64 = Release|x64
	EndGlobalSection
	GlobalSection(ProjectConfigurationPlatforms) = postSolution
		{B836DC57-2C30-4CAB-9582-07669C978682}.Debug|Any CPU.ActiveCfg = Debug|Any CPU
		{B836DC57-2C30-4CAB-9582-07669C978682}.Debug|Any CPU.Build.0 = Debug|Any CPU
		{B836DC57-2C30-4CAB-9582-07669C978682}.Debug|x64.ActiveCfg = Debug|Any CPU
		{B836DC57-2C30-4CAB-9582-07669C978682}.Debug|x64.Build.0 = Debug|Any CPU
		{B836DC57-2C30-4CAB-9582-07669C978682}.Release|Any CPU.ActiveCfg = Release|Any CPU
		{B836DC57-2C30-4CAB-9582-07669C978682}.Release|Any CPU.Build.0 = Release|Any CPU
		{B836DC57-2C30-4CAB-9582-07669C978682}.Release|x64.ActiveCfg = Release|Any CPU
		{B836DC57-2C30-4CAB-9582-07669C978682}.Release|x64.Build.0 = Release|Any CPU
		{B6AAAC37-0E92-4E75-9D2E-E3674792B6A7}.Debug|Any CPU.ActiveCfg = Debug|Any CPU
		{B6AAAC37-0E92-4E75-9D2E-E3674792B6A7}.Debug|Any CPU.Build.0 = Debug|Any CPU
		{B6AAAC37-0E92-4E75-9D2E-E3674792B6A7}.Debug|x64.ActiveCfg = Debug|x64
		{B6AAAC37-0E92-4E75-9D2E-E3674792B6A7}.Debug|x64.Build.0 = Debug|x64
		{B6AAAC37-0E92-4E75-9D2E-E3674792B6A7}.Release|Any CPU.ActiveCfg = Release|Any CPU
		{B6AAAC37-0E92-4E75-9D2E-E3674792B6A7}.Release|Any CPU.Build.0 = Release|Any CPU
		{B6AAAC37-0E92-4E75-9D2E-E3674792B6A7}.Release|x64.ActiveCfg = Release|x64
		{B6AAAC37-0E92-4E75-9D2E-E3674792B6A7}.Release|x64.Build.0 = Release|x64
	EndGlobalSection
	GlobalSection(SolutionProperties) = preSolution
		HideSolutionNode = FALSE
	EndGlobalSection
	GlobalSection(ExtensibilityGlobals) = postSolution
		SolutionGuid = {5BBD55BE-190A-4397-9C52-E54B46FE13C3}
	EndGlobalSection
EndGlobal
